
Microsoft Visual Studio Solution File, Format Version 12.00
# Visual Studio Version 17
VisualStudioVersion = 17.7.34018.315
MinimumVisualStudioVersion = 10.0.40219.1
Project("{FAE04EC0-301F-11D3-BF4B-00C04F79EFBC}") = "BMSG_Editor", "BMSG_Editor\BMSG_Editor.csproj", "{3F9D04DC-3498-4115-8F79-A3352F998293}"
EndProject
Global
	GlobalSection(SolutionConfigurationPlatforms) = preSolution
		Debug|Any CPU = Debug|Any CPU
		Release|Any CPU = Release|Any CPU
	EndGlobalSection
	GlobalSection(ProjectConfigurationPlatforms) = postSolution
		{3F9D04DC-3498-4115-8F79-A3352F998293}.Debug|Any CPU.ActiveCfg = Debug|Any CPU
		{3F9D04DC-3498-4115-8F79-A3352F998293}.Debug|Any CPU.Build.0 = Debug|Any CPU
		{3F9D04DC-3498-4115-8F79-A3352F998293}.Release|Any CPU.ActiveCfg = Release|Any CPU
		{3F9D04DC-3498-4115-8F79-A3352F998293}.Release|Any CPU.Build.0 = Release|Any CPU
	EndGlobalSection
	GlobalSection(SolutionProperties) = preSolution
		HideSolutionNode = FALSE
	EndGlobalSection
	GlobalSection(ExtensibilityGlobals) = postSolution
		SolutionGuid = {746854A5-5A31-49A5-A484-BA254B4C1C0E}
	EndGlobalSection
EndGlobal
